
Microsoft Visual Studio Solution File, Format Version 12.00
# Visual Studio Version 17
VisualStudioVersion = 17.10.34928.147
MinimumVisualStudioVersion = 10.0.40219.1
Project("{FAE04EC0-301F-11D3-BF4B-00C04F79EFBC}") = "TreeTraversal", "TreeTraversal\TreeTraversal.csproj", "{535972F8-5BFF-4B21-8354-E9F1B24E7B6B}"
EndProject
Global
	GlobalSection(SolutionConfigurationPlatforms) = preSolution
		Debug|Any CPU = Debug|Any CPU
		Release|Any CPU = Release|Any CPU
	EndGlobalSection
	GlobalSection(ProjectConfigurationPlatforms) = postSolution
		{535972F8-5BFF-4B21-8354-E9F1B24E7B6B}.Debug|Any CPU.ActiveCfg = Debug|Any CPU
		{535972F8-5BFF-4B21-8354-E9F1B24E7B6B}.Debug|Any CPU.Build.0 = Debug|Any CPU
		{535972F8-5BFF-4B21-8354-E9F1B24E7B6B}.Release|Any CPU.ActiveCfg = Release|Any CPU
		{535972F8-5BFF-4B21-8354-E9F1B24E7B6B}.Release|Any CPU.Build.0 = Release|Any CPU
	EndGlobalSection
	GlobalSection(SolutionProperties) = preSolution
		HideSolutionNode = FALSE
	EndGlobalSection
	GlobalSection(ExtensibilityGlobals) = postSolution
		SolutionGuid = {EFD6C390-AA97-4234-8A92-ADE049C9BC62}
	EndGlobalSection
EndGlobal
